
Microsoft Visual Studio Solution File, Format Version 12.00
# Visual Studio Version 16
VisualStudioVersion = 16.0.29613.14
MinimumVisualStudioVersion = 10.0.40219.1
Project("{FAE04EC0-301F-11D3-BF4B-00C04F79EFBC}") = "Arrays", "Arrays\Arrays.csproj", "{40E5AB0C-20E5-465B-B39C-5EEE320E2266}"
EndProject
Global
	GlobalSection(SolutionConfigurationPlatforms) = preSolution
		Debug|Any CPU = Debug|Any CPU
		Release|Any CPU = Release|Any CPU
	EndGlobalSection
	GlobalSection(ProjectConfigurationPlatforms) = postSolution
		{40E5AB0C-20E5-465B-B39C-5EEE320E2266}.Debug|Any CPU.ActiveCfg = Debug|Any CPU
		{40E5AB0C-20E5-465B-B39C-5EEE320E2266}.Debug|Any CPU.Build.0 = Debug|Any CPU
		{40E5AB0C-20E5-465B-B39C-5EEE320E2266}.Release|Any CPU.ActiveCfg = Release|Any CPU
		{40E5AB0C-20E5-465B-B39C-5EEE320E2266}.Release|Any CPU.Build.0 = Release|Any CPU
	EndGlobalSection
	GlobalSection(SolutionProperties) = preSolution
		HideSolutionNode = FALSE
	EndGlobalSection
	GlobalSection(ExtensibilityGlobals) = postSolution
		SolutionGuid = {5C2B1CE6-ABC3-40C8-A6F2-533F5B317870}
	EndGlobalSection
EndGlobal
